
Microsoft Visual Studio Solution File, Format Version 12.00
# Visual Studio 15
VisualStudioVersion = 15.0.28307.1082
MinimumVisualStudioVersion = 10.0.40219.1
Project("{159641D6-6404-4A2A-AE62-294DE0FE8301}") = "Assignment2_10_ETLExercise", "Assignment2_10_ETLExercise\Assignment2_10_ETLExercise.dtproj", "{ED055E77-C92D-4D88-B540-B93D5FCEC349}"
EndProject
Global
	GlobalSection(SolutionConfigurationPlatforms) = preSolution
		Development|Default = Development|Default
	EndGlobalSection
	GlobalSection(ProjectConfigurationPlatforms) = postSolution
		{ED055E77-C92D-4D88-B540-B93D5FCEC349}.Development|Default.ActiveCfg = Development
		{ED055E77-C92D-4D88-B540-B93D5FCEC349}.Development|Default.Build.0 = Development
	EndGlobalSection
	GlobalSection(SolutionProperties) = preSolution
		HideSolutionNode = FALSE
	EndGlobalSection
	GlobalSection(ExtensibilityGlobals) = postSolution
		SolutionGuid = {A8FC6A8D-1BDE-4BC4-810B-8CFE9D0EE4AC}
	EndGlobalSection
EndGlobal
