
Microsoft Visual Studio Solution File, Format Version 12.00
# Visual Studio Version 16
VisualStudioVersion = 16.0.30011.22
MinimumVisualStudioVersion = 10.0.40219.1
Project("{F14B399A-7131-4C87-9E4B-1186C45EF12D}") = "Assignment2_10_SQLReports", "Assignment2_10_SQLReports\Assignment2_10_SQLReports.rptproj", "{9FB8090F-596E-4CB7-B447-2139EDDE7127}"
EndProject
Global
	GlobalSection(SolutionConfigurationPlatforms) = preSolution
		Debug|Default = Debug|Default
		DebugLocal|Default = DebugLocal|Default
		Release|Default = Release|Default
	EndGlobalSection
	GlobalSection(ProjectConfigurationPlatforms) = postSolution
		{9FB8090F-596E-4CB7-B447-2139EDDE7127}.Debug|Default.ActiveCfg = Debug
		{9FB8090F-596E-4CB7-B447-2139EDDE7127}.Debug|Default.Build.0 = Debug
		{9FB8090F-596E-4CB7-B447-2139EDDE7127}.Debug|Default.Deploy.0 = Debug
		{9FB8090F-596E-4CB7-B447-2139EDDE7127}.DebugLocal|Default.ActiveCfg = DebugLocal
		{9FB8090F-596E-4CB7-B447-2139EDDE7127}.DebugLocal|Default.Build.0 = DebugLocal
		{9FB8090F-596E-4CB7-B447-2139EDDE7127}.Release|Default.ActiveCfg = Release
		{9FB8090F-596E-4CB7-B447-2139EDDE7127}.Release|Default.Build.0 = Release
		{9FB8090F-596E-4CB7-B447-2139EDDE7127}.Release|Default.Deploy.0 = Release
	EndGlobalSection
	GlobalSection(SolutionProperties) = preSolution
		HideSolutionNode = FALSE
	EndGlobalSection
	GlobalSection(ExtensibilityGlobals) = postSolution
		SolutionGuid = {6BBDFF5C-322D-4146-8F78-E9057BA49E7F}
	EndGlobalSection
EndGlobal
